// !$*UTF8*$!
{
	archiveVersion = 1;
	classes = {
	};
	objectVersion = 50;
	objects = {

/* Begin PBXBuildFile section */
		EF0CAF0921EA739700D1EF55 /* MYCustomTask.m in Sources */ = {isa = PBXBuildFile; fileRef = EF0CAF0821EA739700D1EF55 /* MYCustomTask.m */; };
		EF0CAF0C21EA751C00D1EF55 /* MainSupport.m in Sources */ = {isa = PBXBuildFile; fileRef = EF0CAF0B21EA751C00D1EF55 /* MainSupport.m */; };
		EF0CAF1A21ECAE0300D1EF55 /* menu_task_urgently.png in Resources */ = {isa = PBXBuildFile; fileRef = EF0CAF0D21ECAE0300D1EF55 /* menu_task_urgently.png */; };
		EF0CAF1B21ECAE0300D1EF55 /* menu_task_current.png in Resources */ = {isa = PBXBuildFile; fileRef = EF0CAF0E21ECAE0300D1EF55 /* menu_task_current.png */; };
		EF0CAF1C21ECAE0300D1EF55 /* menu_task_add.png in Resources */ = {isa = PBXBuildFile; fileRef = EF0CAF0F21ECAE0300D1EF55 /* menu_task_add.png */; };
		EF0CAF1D21ECAE0300D1EF55 /* menu_task_done.png in Resources */ = {isa = PBXBuildFile; fileRef = EF0CAF1021ECAE0300D1EF55 /* menu_task_done.png */; };
		EF0CAF1E21ECAE0300D1EF55 /* icon_type_urgently.png in Resources */ = {isa = PBXBuildFile; fileRef = EF0CAF1121ECAE0300D1EF55 /* icon_type_urgently.png */; };
		EF0CAF1F21ECAE0300D1EF55 /* icon_type_personal.png in Resources */ = {isa = PBXBuildFile; fileRef = EF0CAF1221ECAE0300D1EF55 /* icon_type_personal.png */; };
		EF0CAF2021ECAE0300D1EF55 /* icon_expanded_filter.png in Resources */ = {isa = PBXBuildFile; fileRef = EF0CAF1321ECAE0300D1EF55 /* icon_expanded_filter.png */; };
		EF0CAF2121ECAE0300D1EF55 /* checkbox_select.png in Resources */ = {isa = PBXBuildFile; fileRef = EF0CAF1421ECAE0300D1EF55 /* checkbox_select.png */; };
		EF0CAF2221ECAE0300D1EF55 /* icon_no_expanded_filter.png in Resources */ = {isa = PBXBuildFile; fileRef = EF0CAF1521ECAE0300D1EF55 /* icon_no_expanded_filter.png */; };
		EF0CAF2321ECAE0300D1EF55 /* menu_task_personal.png in Resources */ = {isa = PBXBuildFile; fileRef = EF0CAF1621ECAE0300D1EF55 /* menu_task_personal.png */; };
		EF0CAF2421ECAE0300D1EF55 /* icon_select_filter.png in Resources */ = {isa = PBXBuildFile; fileRef = EF0CAF1721ECAE0300D1EF55 /* icon_select_filter.png */; };
		EF0CAF2521ECAE0300D1EF55 /* menu_task_important.png in Resources */ = {isa = PBXBuildFile; fileRef = EF0CAF1821ECAE0300D1EF55 /* menu_task_important.png */; };
		EF0CAF2621ECAE0300D1EF55 /* right_arrow.png in Resources */ = {isa = PBXBuildFile; fileRef = EF0CAF1921ECAE0300D1EF55 /* right_arrow.png */; };
		EF1959E121E8724D004FD9B0 /* Date.m in Sources */ = {isa = PBXBuildFile; fileRef = EF1959E021E8724D004FD9B0 /* Date.m */; };
		EF3AFC2821E8C1F500362694 /* MYCurrentTasksViewController.m in Sources */ = {isa = PBXBuildFile; fileRef = EF3AFC2721E8C1F500362694 /* MYCurrentTasksViewController.m */; };
		EF3AFC2C21E8C3A100362694 /* RequestsTasks.m in Sources */ = {isa = PBXBuildFile; fileRef = EF3AFC2B21E8C3A100362694 /* RequestsTasks.m */; };
		EF3AFC3021EA278400362694 /* MYListOfCategoriesTableViewController.m in Sources */ = {isa = PBXBuildFile; fileRef = EF3AFC2F21EA278400362694 /* MYListOfCategoriesTableViewController.m */; };
		EF49217C21EA671200DE7424 /* MYListOfCategories.m in Sources */ = {isa = PBXBuildFile; fileRef = EF49217B21EA671200DE7424 /* MYListOfCategories.m */; };
		EFD7091221E0BA5B00B72272 /* AppDelegate.m in Sources */ = {isa = PBXBuildFile; fileRef = EFD7091121E0BA5B00B72272 /* AppDelegate.m */; };
		EFD7091521E0BA5B00B72272 /* MainViewController.m in Sources */ = {isa = PBXBuildFile; fileRef = EFD7091421E0BA5B00B72272 /* MainViewController.m */; };
		EFD7091821E0BA5B00B72272 /* Main.storyboard in Resources */ = {isa = PBXBuildFile; fileRef = EFD7091621E0BA5B00B72272 /* Main.storyboard */; };
		EFD7091B21E0BA5B00B72272 /* todo0402.xcdatamodeld in Sources */ = {isa = PBXBuildFile; fileRef = EFD7091921E0BA5B00B72272 /* todo0402.xcdatamodeld */; };
		EFD7091D21E0BA5B00B72272 /* Assets.xcassets in Resources */ = {isa = PBXBuildFile; fileRef = EFD7091C21E0BA5B00B72272 /* Assets.xcassets */; };
		EFD7092021E0BA5B00B72272 /* LaunchScreen.storyboard in Resources */ = {isa = PBXBuildFile; fileRef = EFD7091E21E0BA5B00B72272 /* LaunchScreen.storyboard */; };
		EFD7092321E0BA5B00B72272 /* main.m in Sources */ = {isa = PBXBuildFile; fileRef = EFD7092221E0BA5B00B72272 /* main.m */; };
		EFD7092D21E0BA5B00B72272 /* todo0402Tests.m in Sources */ = {isa = PBXBuildFile; fileRef = EFD7092C21E0BA5B00B72272 /* todo0402Tests.m */; };
		EFD7093821E0BA5B00B72272 /* todo0402UITests.m in Sources */ = {isa = PBXBuildFile; fileRef = EFD7093721E0BA5B00B72272 /* todo0402UITests.m */; };
		EFD7094721E0BE2000B72272 /* MYCustomMenu.m in Sources */ = {isa = PBXBuildFile; fileRef = EFD7094621E0BE2000B72272 /* MYCustomMenu.m */; };
		EFD7096221E0C02300B72272 /* checkbox_no_select.png in Resources */ = {isa = PBXBuildFile; fileRef = EFD7095421E0C02200B72272 /* checkbox_no_select.png */; };
		EFD7098921E141F900B72272 /* MYDoneTasksViewController.m in Sources */ = {isa = PBXBuildFile; fileRef = EFD7097F21E141F700B72272 /* MYDoneTasksViewController.m */; };
		EFD7098A21E141F900B72272 /* MYImportantTasksViewController.m in Sources */ = {isa = PBXBuildFile; fileRef = EFD7098121E141F800B72272 /* MYImportantTasksViewController.m */; };
		EFD7098B21E141F900B72272 /* MYPersonalTasksViewController.m in Sources */ = {isa = PBXBuildFile; fileRef = EFD7098521E141F800B72272 /* MYPersonalTasksViewController.m */; };
		EFD7098C21E141F900B72272 /* MYCreateTaskViewController.m in Sources */ = {isa = PBXBuildFile; fileRef = EFD7098721E141F800B72272 /* MYCreateTaskViewController.m */; };
		EFD7099021E1424C00B72272 /* MYUrgentTasksViewController.m in Sources */ = {isa = PBXBuildFile; fileRef = EFD7098F21E1424C00B72272 /* MYUrgentTasksViewController.m */; };
		EFD709DE21E25EA700B72272 /* MYCreateTaskTableViewController.m in Sources */ = {isa = PBXBuildFile; fileRef = EFD709DD21E25EA700B72272 /* MYCreateTaskTableViewController.m */; };
		EFD709E121E29F1100B72272 /* MYCreateTaskTimeViewController.m in Sources */ = {isa = PBXBuildFile; fileRef = EFD709E021E29F1100B72272 /* MYCreateTaskTimeViewController.m */; };
		EFD709E421E29F4600B72272 /* MYCreateTaskDateViewController.m in Sources */ = {isa = PBXBuildFile; fileRef = EFD709E321E29F4600B72272 /* MYCreateTaskDateViewController.m */; };
/* End PBXBuildFile section */

/* Begin PBXContainerItemProxy section */
		EFD7092921E0BA5B00B72272 /* PBXContainerItemProxy */ = {
			isa = PBXContainerItemProxy;
			containerPortal = EFD7090521E0BA5B00B72272 /* Project object */;
			proxyType = 1;
			remoteGlobalIDString = EFD7090C21E0BA5B00B72272;
			remoteInfo = todo0402;
		};
		EFD7093421E0BA5B00B72272 /* PBXContainerItemProxy */ = {
			isa = PBXContainerItemProxy;
			containerPortal = EFD7090521E0BA5B00B72272 /* Project object */;
			proxyType = 1;
			remoteGlobalIDString = EFD7090C21E0BA5B00B72272;
			remoteInfo = todo0402;
		};
/* End PBXContainerItemProxy section */

/* Begin PBXFileReference section */
		EF0CAF0721EA739700D1EF55 /* MYCustomTask.h */ = {isa = PBXFileReference; fileEncoding = 4; lastKnownFileType = sourcecode.c.h; path = MYCustomTask.h; sourceTree = "<group>"; };
		EF0CAF0821EA739700D1EF55 /* MYCustomTask.m */ = {isa = PBXFileReference; fileEncoding = 4; lastKnownFileType = sourcecode.c.objc; path = MYCustomTask.m; sourceTree = "<group>"; };
		EF0CAF0A21EA751C00D1EF55 /* MainSupport.h */ = {isa = PBXFileReference; lastKnownFileType = sourcecode.c.h; path = MainSupport.h; sourceTree = "<group>"; };
		EF0CAF0B21EA751C00D1EF55 /* MainSupport.m */ = {isa = PBXFileReference; lastKnownFileType = sourcecode.c.objc; path = MainSupport.m; sourceTree = "<group>"; };
		EF0CAF0D21ECAE0300D1EF55 /* menu_task_urgently.png */ = {isa = PBXFileReference; lastKnownFileType = image.png; path = menu_task_urgently.png; sourceTree = "<group>"; };
		EF0CAF0E21ECAE0300D1EF55 /* menu_task_current.png */ = {isa = PBXFileReference; lastKnownFileType = image.png; path = menu_task_current.png; sourceTree = "<group>"; };
		EF0CAF0F21ECAE0300D1EF55 /* menu_task_add.png */ = {isa = PBXFileReference; lastKnownFileType = image.png; path = menu_task_add.png; sourceTree = "<group>"; };
		EF0CAF1021ECAE0300D1EF55 /* menu_task_done.png */ = {isa = PBXFileReference; lastKnownFileType = image.png; path = menu_task_done.png; sourceTree = "<group>"; };
		EF0CAF1121ECAE0300D1EF55 /* icon_type_urgently.png */ = {isa = PBXFileReference; lastKnownFileType = image.png; path = icon_type_urgently.png; sourceTree = "<group>"; };
		EF0CAF1221ECAE0300D1EF55 /* icon_type_personal.png */ = {isa = PBXFileReference; lastKnownFileType = image.png; path = icon_type_personal.png; sourceTree = "<group>"; };
		EF0CAF1321ECAE0300D1EF55 /* icon_expanded_filter.png */ = {isa = PBXFileReference; lastKnownFileType = image.png; path = icon_expanded_filter.png; sourceTree = "<group>"; };
		EF0CAF1421ECAE0300D1EF55 /* checkbox_select.png */ = {isa = PBXFileReference; lastKnownFileType = image.png; path = checkbox_select.png; sourceTree = "<group>"; };
		EF0CAF1521ECAE0300D1EF55 /* icon_no_expanded_filter.png */ = {isa = PBXFileReference; lastKnownFileType = image.png; path = icon_no_expanded_filter.png; sourceTree = "<group>"; };
		EF0CAF1621ECAE0300D1EF55 /* menu_task_personal.png */ = {isa = PBXFileReference; lastKnownFileType = image.png; path = menu_task_personal.png; sourceTree = "<group>"; };
		EF0CAF1721ECAE0300D1EF55 /* icon_select_filter.png */ = {isa = PBXFileReference; lastKnownFileType = image.png; path = icon_select_filter.png; sourceTree = "<group>"; };
		EF0CAF1821ECAE0300D1EF55 /* menu_task_important.png */ = {isa = PBXFileReference; lastKnownFileType = image.png; path = menu_task_important.png; sourceTree = "<group>"; };
		EF0CAF1921ECAE0300D1EF55 /* right_arrow.png */ = {isa = PBXFileReference; lastKnownFileType = image.png; path = right_arrow.png; sourceTree = "<group>"; };
		EF1959DF21E8724D004FD9B0 /* Date.h */ = {isa = PBXFileReference; lastKnownFileType = sourcecode.c.h; path = Date.h; sourceTree = "<group>"; };
		EF1959E021E8724D004FD9B0 /* Date.m */ = {isa = PBXFileReference; lastKnownFileType = sourcecode.c.objc; path = Date.m; sourceTree = "<group>"; };
		EF3AFC2621E8C1F500362694 /* MYCurrentTasksViewController.h */ = {isa = PBXFileReference; fileEncoding = 4; lastKnownFileType = sourcecode.c.h; path = MYCurrentTasksViewController.h; sourceTree = "<group>"; };
		EF3AFC2721E8C1F500362694 /* MYCurrentTasksViewController.m */ = {isa = PBXFileReference; fileEncoding = 4; lastKnownFileType = sourcecode.c.objc; path = MYCurrentTasksViewController.m; sourceTree = "<group>"; };
		EF3AFC2A21E8C3A100362694 /* RequestsTasks.h */ = {isa = PBXFileReference; lastKnownFileType = sourcecode.c.h; path = RequestsTasks.h; sourceTree = "<group>"; };
		EF3AFC2B21E8C3A100362694 /* RequestsTasks.m */ = {isa = PBXFileReference; lastKnownFileType = sourcecode.c.objc; path = RequestsTasks.m; sourceTree = "<group>"; };
		EF3AFC2E21EA278400362694 /* MYListOfCategoriesTableViewController.h */ = {isa = PBXFileReference; lastKnownFileType = sourcecode.c.h; path = MYListOfCategoriesTableViewController.h; sourceTree = "<group>"; };
		EF3AFC2F21EA278400362694 /* MYListOfCategoriesTableViewController.m */ = {isa = PBXFileReference; lastKnownFileType = sourcecode.c.objc; path = MYListOfCategoriesTableViewController.m; sourceTree = "<group>"; };
		EF41810521E403D200F8011F /* todo 2.xcdatamodel */ = {isa = PBXFileReference; lastKnownFileType = wrapper.xcdatamodel; path = "todo 2.xcdatamodel"; sourceTree = "<group>"; };
		EF49217A21EA671200DE7424 /* MYListOfCategories.h */ = {isa = PBXFileReference; lastKnownFileType = sourcecode.c.h; path = MYListOfCategories.h; sourceTree = "<group>"; };
		EF49217B21EA671200DE7424 /* MYListOfCategories.m */ = {isa = PBXFileReference; lastKnownFileType = sourcecode.c.objc; path = MYListOfCategories.m; sourceTree = "<group>"; };
		EFD7090D21E0BA5B00B72272 /* todo0402.app */ = {isa = PBXFileReference; explicitFileType = wrapper.application; includeInIndex = 0; path = todo0402.app; sourceTree = BUILT_PRODUCTS_DIR; };
		EFD7091021E0BA5B00B72272 /* AppDelegate.h */ = {isa = PBXFileReference; lastKnownFileType = sourcecode.c.h; path = AppDelegate.h; sourceTree = "<group>"; };
		EFD7091121E0BA5B00B72272 /* AppDelegate.m */ = {isa = PBXFileReference; lastKnownFileType = sourcecode.c.objc; path = AppDelegate.m; sourceTree = "<group>"; };
		EFD7091321E0BA5B00B72272 /* MainViewController.h */ = {isa = PBXFileReference; lastKnownFileType = sourcecode.c.h; path = MainViewController.h; sourceTree = "<group>"; };
		EFD7091421E0BA5B00B72272 /* MainViewController.m */ = {isa = PBXFileReference; lastKnownFileType = sourcecode.c.objc; path = MainViewController.m; sourceTree = "<group>"; };
		EFD7091721E0BA5B00B72272 /* Base */ = {isa = PBXFileReference; lastKnownFileType = file.storyboard; name = Base; path = Base.lproj/Main.storyboard; sourceTree = "<group>"; };
		EFD7091A21E0BA5B00B72272 /* todo0402.xcdatamodel */ = {isa = PBXFileReference; lastKnownFileType = wrapper.xcdatamodel; path = todo0402.xcdatamodel; sourceTree = "<group>"; };
		EFD7091C21E0BA5B00B72272 /* Assets.xcassets */ = {isa = PBXFileReference; lastKnownFileType = folder.assetcatalog; path = Assets.xcassets; sourceTree = "<group>"; };
		EFD7091F21E0BA5B00B72272 /* Base */ = {isa = PBXFileReference; lastKnownFileType = file.storyboard; name = Base; path = Base.lproj/LaunchScreen.storyboard; sourceTree = "<group>"; };
		EFD7092121E0BA5B00B72272 /* Info.plist */ = {isa = PBXFileReference; lastKnownFileType = text.plist.xml; path = Info.plist; sourceTree = "<group>"; };
		EFD7092221E0BA5B00B72272 /* main.m */ = {isa = PBXFileReference; lastKnownFileType = sourcecode.c.objc; path = main.m; sourceTree = "<group>"; };
		EFD7092821E0BA5B00B72272 /* todo0402Tests.xctest */ = {isa = PBXFileReference; explicitFileType = wrapper.cfbundle; includeInIndex = 0; path = todo0402Tests.xctest; sourceTree = BUILT_PRODUCTS_DIR; };
		EFD7092C21E0BA5B00B72272 /* todo0402Tests.m */ = {isa = PBXFileReference; lastKnownFileType = sourcecode.c.objc; path = todo0402Tests.m; sourceTree = "<group>"; };
		EFD7092E21E0BA5B00B72272 /* Info.plist */ = {isa = PBXFileReference; lastKnownFileType = text.plist.xml; path = Info.plist; sourceTree = "<group>"; };
		EFD7093321E0BA5B00B72272 /* todo0402UITests.xctest */ = {isa = PBXFileReference; explicitFileType = wrapper.cfbundle; includeInIndex = 0; path = todo0402UITests.xctest; sourceTree = BUILT_PRODUCTS_DIR; };
		EFD7093721E0BA5B00B72272 /* todo0402UITests.m */ = {isa = PBXFileReference; lastKnownFileType = sourcecode.c.objc; path = todo0402UITests.m; sourceTree = "<group>"; };
		EFD7093921E0BA5B00B72272 /* Info.plist */ = {isa = PBXFileReference; lastKnownFileType = text.plist.xml; path = Info.plist; sourceTree = "<group>"; };
		EFD7094521E0BE2000B72272 /* MYCustomMenu.h */ = {isa = PBXFileReference; lastKnownFileType = sourcecode.c.h; path = MYCustomMenu.h; sourceTree = "<group>"; };
		EFD7094621E0BE2000B72272 /* MYCustomMenu.m */ = {isa = PBXFileReference; lastKnownFileType = sourcecode.c.objc; path = MYCustomMenu.m; sourceTree = "<group>"; };
		EFD7095421E0C02200B72272 /* checkbox_no_select.png */ = {isa = PBXFileReference; lastKnownFileType = image.png; name = checkbox_no_select.png; path = ../../../images/checkbox_no_select.png; sourceTree = "<group>"; };
		EFD7097F21E141F700B72272 /* MYDoneTasksViewController.m */ = {isa = PBXFileReference; fileEncoding = 4; lastKnownFileType = sourcecode.c.objc; path = MYDoneTasksViewController.m; sourceTree = "<group>"; };
		EFD7098021E141F800B72272 /* MYDoneTasksViewController.h */ = {isa = PBXFileReference; fileEncoding = 4; lastKnownFileType = sourcecode.c.h; path = MYDoneTasksViewController.h; sourceTree = "<group>"; };
		EFD7098121E141F800B72272 /* MYImportantTasksViewController.m */ = {isa = PBXFileReference; fileEncoding = 4; lastKnownFileType = sourcecode.c.objc; path = MYImportantTasksViewController.m; sourceTree = "<group>"; };
		EFD7098221E141F800B72272 /* MYPersonalTasksViewController.h */ = {isa = PBXFileReference; fileEncoding = 4; lastKnownFileType = sourcecode.c.h; path = MYPersonalTasksViewController.h; sourceTree = "<group>"; };
		EFD7098321E141F800B72272 /* MYImportantTasksViewController.h */ = {isa = PBXFileReference; fileEncoding = 4; lastKnownFileType = sourcecode.c.h; path = MYImportantTasksViewController.h; sourceTree = "<group>"; };
		EFD7098521E141F800B72272 /* MYPersonalTasksViewController.m */ = {isa = PBXFileReference; fileEncoding = 4; lastKnownFileType = sourcecode.c.objc; path = MYPersonalTasksViewController.m; sourceTree = "<group>"; };
		EFD7098621E141F800B72272 /* MYCreateTaskViewController.h */ = {isa = PBXFileReference; fileEncoding = 4; lastKnownFileType = sourcecode.c.h; path = MYCreateTaskViewController.h; sourceTree = "<group>"; };
		EFD7098721E141F800B72272 /* MYCreateTaskViewController.m */ = {isa = PBXFileReference; fileEncoding = 4; lastKnownFileType = sourcecode.c.objc; path = MYCreateTaskViewController.m; sourceTree = "<group>"; };
		EFD7098E21E1424C00B72272 /* MYUrgentTasksViewController.h */ = {isa = PBXFileReference; lastKnownFileType = sourcecode.c.h; path = MYUrgentTasksViewController.h; sourceTree = "<group>"; };
		EFD7098F21E1424C00B72272 /* MYUrgentTasksViewController.m */ = {isa = PBXFileReference; lastKnownFileType = sourcecode.c.objc; path = MYUrgentTasksViewController.m; sourceTree = "<group>"; };
		EFD709DC21E25EA700B72272 /* MYCreateTaskTableViewController.h */ = {isa = PBXFileReference; lastKnownFileType = sourcecode.c.h; path = MYCreateTaskTableViewController.h; sourceTree = "<group>"; };
		EFD709DD21E25EA700B72272 /* MYCreateTaskTableViewController.m */ = {isa = PBXFileReference; lastKnownFileType = sourcecode.c.objc; path = MYCreateTaskTableViewController.m; sourceTree = "<group>"; };
		EFD709DF21E29F1100B72272 /* MYCreateTaskTimeViewController.h */ = {isa = PBXFileReference; lastKnownFileType = sourcecode.c.h; path = MYCreateTaskTimeViewController.h; sourceTree = "<group>"; };
		EFD709E021E29F1100B72272 /* MYCreateTaskTimeViewController.m */ = {isa = PBXFileReference; lastKnownFileType = sourcecode.c.objc; path = MYCreateTaskTimeViewController.m; sourceTree = "<group>"; };
		EFD709E221E29F4600B72272 /* MYCreateTaskDateViewController.h */ = {isa = PBXFileReference; lastKnownFileType = sourcecode.c.h; path = MYCreateTaskDateViewController.h; sourceTree = "<group>"; };
		EFD709E321E29F4600B72272 /* MYCreateTaskDateViewController.m */ = {isa = PBXFileReference; lastKnownFileType = sourcecode.c.objc; path = MYCreateTaskDateViewController.m; sourceTree = "<group>"; };
/* End PBXFileReference section */

/* Begin PBXFrameworksBuildPhase section */
		EFD7090A21E0BA5B00B72272 /* Frameworks */ = {
			isa = PBXFrameworksBuildPhase;
			buildActionMask = 2147483647;
			files = (
			);
			runOnlyForDeploymentPostprocessing = 0;
		};
		EFD7092521E0BA5B00B72272 /* Frameworks */ = {
			isa = PBXFrameworksBuildPhase;
			buildActionMask = 2147483647;
			files = (
			);
			runOnlyForDeploymentPostprocessing = 0;
		};
		EFD7093021E0BA5B00B72272 /* Frameworks */ = {
			isa = PBXFrameworksBuildPhase;
			buildActionMask = 2147483647;
			files = (
			);
			runOnlyForDeploymentPostprocessing = 0;
		};
/* End PBXFrameworksBuildPhase section */

/* Begin PBXGroup section */
		EF3AFC2321E8BD7100362694 /* Supports */ = {
			isa = PBXGroup;
			children = (
				EF41810921E5522B00F8011F /* CustomCells */,
				EF3AFC2921E8C37D00362694 /* CoreData */,
				EF3AFC2421E8BD7F00362694 /* Date */,
				EF0CAF0A21EA751C00D1EF55 /* MainSupport.h */,
				EF0CAF0B21EA751C00D1EF55 /* MainSupport.m */,
			);
			path = Supports;
			sourceTree = "<group>";
		};
		EF3AFC2421E8BD7F00362694 /* Date */ = {
			isa = PBXGroup;
			children = (
				EF1959DF21E8724D004FD9B0 /* Date.h */,
				EF1959E021E8724D004FD9B0 /* Date.m */,
			);
			path = Date;
			sourceTree = "<group>";
		};
		EF3AFC2521E8BF6300362694 /* OutputTasks */ = {
			isa = PBXGroup;
			children = (
				EF3AFC2D21EA275100362694 /* CurrentTasks */,
				EFD7098E21E1424C00B72272 /* MYUrgentTasksViewController.h */,
				EFD7098F21E1424C00B72272 /* MYUrgentTasksViewController.m */,
				EFD7098021E141F800B72272 /* MYDoneTasksViewController.h */,
				EFD7097F21E141F700B72272 /* MYDoneTasksViewController.m */,
				EFD7098321E141F800B72272 /* MYImportantTasksViewController.h */,
				EFD7098121E141F800B72272 /* MYImportantTasksViewController.m */,
				EFD7098221E141F800B72272 /* MYPersonalTasksViewController.h */,
				EFD7098521E141F800B72272 /* MYPersonalTasksViewController.m */,
			);
			path = OutputTasks;
			sourceTree = "<group>";
		};
		EF3AFC2921E8C37D00362694 /* CoreData */ = {
			isa = PBXGroup;
			children = (
				EF3AFC2A21E8C3A100362694 /* RequestsTasks.h */,
				EF3AFC2B21E8C3A100362694 /* RequestsTasks.m */,
			);
			path = CoreData;
			sourceTree = "<group>";
		};
		EF3AFC2D21EA275100362694 /* CurrentTasks */ = {
			isa = PBXGroup;
			children = (
				EF3AFC2621E8C1F500362694 /* MYCurrentTasksViewController.h */,
				EF3AFC2721E8C1F500362694 /* MYCurrentTasksViewController.m */,
				EF3AFC2E21EA278400362694 /* MYListOfCategoriesTableViewController.h */,
				EF3AFC2F21EA278400362694 /* MYListOfCategoriesTableViewController.m */,
			);
			path = CurrentTasks;
			sourceTree = "<group>";
		};
		EF41810921E5522B00F8011F /* CustomCells */ = {
			isa = PBXGroup;
			children = (
				EF0CAF0721EA739700D1EF55 /* MYCustomTask.h */,
				EF0CAF0821EA739700D1EF55 /* MYCustomTask.m */,
				EFD7094521E0BE2000B72272 /* MYCustomMenu.h */,
				EFD7094621E0BE2000B72272 /* MYCustomMenu.m */,
				EF49217A21EA671200DE7424 /* MYListOfCategories.h */,
				EF49217B21EA671200DE7424 /* MYListOfCategories.m */,
			);
			path = CustomCells;
			sourceTree = "<group>";
		};
		EFD7090421E0BA5B00B72272 = {
			isa = PBXGroup;
			children = (
				EFD7090F21E0BA5B00B72272 /* todo0402 */,
				EFD7092B21E0BA5B00B72272 /* todo0402Tests */,
				EFD7093621E0BA5B00B72272 /* todo0402UITests */,
				EFD7090E21E0BA5B00B72272 /* Products */,
			);
			sourceTree = "<group>";
		};
		EFD7090E21E0BA5B00B72272 /* Products */ = {
			isa = PBXGroup;
			children = (
				EFD7090D21E0BA5B00B72272 /* todo0402.app */,
				EFD7092821E0BA5B00B72272 /* todo0402Tests.xctest */,
				EFD7093321E0BA5B00B72272 /* todo0402UITests.xctest */,
			);
			name = Products;
			sourceTree = "<group>";
		};
		EFD7090F21E0BA5B00B72272 /* todo0402 */ = {
			isa = PBXGroup;
			children = (
				EFD7094821E0BFC500B72272 /* Images */,
				EF3AFC2321E8BD7100362694 /* Supports */,
				EFD7099121E142A300B72272 /* Classes */,
				EFD7091021E0BA5B00B72272 /* AppDelegate.h */,
				EFD7091121E0BA5B00B72272 /* AppDelegate.m */,
				EFD7091321E0BA5B00B72272 /* MainViewController.h */,
				EFD7091421E0BA5B00B72272 /* MainViewController.m */,
				EFD7091621E0BA5B00B72272 /* Main.storyboard */,
				EFD7091C21E0BA5B00B72272 /* Assets.xcassets */,
				EFD7091E21E0BA5B00B72272 /* LaunchScreen.storyboard */,
				EFD7092121E0BA5B00B72272 /* Info.plist */,
				EFD7092221E0BA5B00B72272 /* main.m */,
				EFD7091921E0BA5B00B72272 /* todo0402.xcdatamodeld */,
			);
			path = todo0402;
			sourceTree = "<group>";
		};
		EFD7092B21E0BA5B00B72272 /* todo0402Tests */ = {
			isa = PBXGroup;
			children = (
				EFD7092C21E0BA5B00B72272 /* todo0402Tests.m */,
				EFD7092E21E0BA5B00B72272 /* Info.plist */,
			);
			path = todo0402Tests;
			sourceTree = "<group>";
		};
		EFD7093621E0BA5B00B72272 /* todo0402UITests */ = {
			isa = PBXGroup;
			children = (
				EFD7093721E0BA5B00B72272 /* todo0402UITests.m */,
				EFD7093921E0BA5B00B72272 /* Info.plist */,
			);
			path = todo0402UITests;
			sourceTree = "<group>";
		};
		EFD7094821E0BFC500B72272 /* Images */ = {
			isa = PBXGroup;
			children = (
				EF0CAF1421ECAE0300D1EF55 /* checkbox_select.png */,
				EF0CAF1321ECAE0300D1EF55 /* icon_expanded_filter.png */,
				EF0CAF1521ECAE0300D1EF55 /* icon_no_expanded_filter.png */,
				EF0CAF1721ECAE0300D1EF55 /* icon_select_filter.png */,
				EF0CAF1221ECAE0300D1EF55 /* icon_type_personal.png */,
				EF0CAF1121ECAE0300D1EF55 /* icon_type_urgently.png */,
				EF0CAF0F21ECAE0300D1EF55 /* menu_task_add.png */,
				EF0CAF0E21ECAE0300D1EF55 /* menu_task_current.png */,
				EF0CAF1021ECAE0300D1EF55 /* menu_task_done.png */,
				EF0CAF1821ECAE0300D1EF55 /* menu_task_important.png */,
				EF0CAF1621ECAE0300D1EF55 /* menu_task_personal.png */,
				EF0CAF0D21ECAE0300D1EF55 /* menu_task_urgently.png */,
				EF0CAF1921ECAE0300D1EF55 /* right_arrow.png */,
				EFD7095421E0C02200B72272 /* checkbox_no_select.png */,
			);
			path = Images;
			sourceTree = "<group>";
		};
		EFD7099121E142A300B72272 /* Classes */ = {
			isa = PBXGroup;
			children = (
				EF3AFC2521E8BF6300362694 /* OutputTasks */,
				EFD709E521E2A1E000B72272 /* CreateTask */,
			);
			name = Classes;
			path = "New Group";
			sourceTree = "<group>";
		};
		EFD709E521E2A1E000B72272 /* CreateTask */ = {
			isa = PBXGroup;
			children = (
				EFD7098621E141F800B72272 /* MYCreateTaskViewController.h */,
				EFD7098721E141F800B72272 /* MYCreateTaskViewController.m */,
				EFD709DC21E25EA700B72272 /* MYCreateTaskTableViewController.h */,
				EFD709DD21E25EA700B72272 /* MYCreateTaskTableViewController.m */,
				EFD709DF21E29F1100B72272 /* MYCreateTaskTimeViewController.h */,
				EFD709E021E29F1100B72272 /* MYCreateTaskTimeViewController.m */,
				EFD709E221E29F4600B72272 /* MYCreateTaskDateViewController.h */,
				EFD709E321E29F4600B72272 /* MYCreateTaskDateViewController.m */,
			);
			path = CreateTask;
			sourceTree = "<group>";
		};
/* End PBXGroup section */

/* Begin PBXNativeTarget section */
		EFD7090C21E0BA5B00B72272 /* todo0402 */ = {
			isa = PBXNativeTarget;
			buildConfigurationList = EFD7093C21E0BA5B00B72272 /* Build configuration list for PBXNativeTarget "todo0402" */;
			buildPhases = (
				EFD7090921E0BA5B00B72272 /* Sources */,
				EFD7090A21E0BA5B00B72272 /* Frameworks */,
				EFD7090B21E0BA5B00B72272 /* Resources */,
			);
			buildRules = (
			);
			dependencies = (
			);
			name = todo0402;
			productName = todo0402;
			productReference = EFD7090D21E0BA5B00B72272 /* todo0402.app */;
			productType = "com.apple.product-type.application";
		};
		EFD7092721E0BA5B00B72272 /* todo0402Tests */ = {
			isa = PBXNativeTarget;
			buildConfigurationList = EFD7093F21E0BA5B00B72272 /* Build configuration list for PBXNativeTarget "todo0402Tests" */;
			buildPhases = (
				EFD7092421E0BA5B00B72272 /* Sources */,
				EFD7092521E0BA5B00B72272 /* Frameworks */,
				EFD7092621E0BA5B00B72272 /* Resources */,
			);
			buildRules = (
			);
			dependencies = (
				EFD7092A21E0BA5B00B72272 /* PBXTargetDependency */,
			);
			name = todo0402Tests;
			productName = todo0402Tests;
			productReference = EFD7092821E0BA5B00B72272 /* todo0402Tests.xctest */;
			productType = "com.apple.product-type.bundle.unit-test";
		};
		EFD7093221E0BA5B00B72272 /* todo0402UITests */ = {
			isa = PBXNativeTarget;
			buildConfigurationList = EFD7094221E0BA5B00B72272 /* Build configuration list for PBXNativeTarget "todo0402UITests" */;
			buildPhases = (
				EFD7092F21E0BA5B00B72272 /* Sources */,
				EFD7093021E0BA5B00B72272 /* Frameworks */,
				EFD7093121E0BA5B00B72272 /* Resources */,
			);
			buildRules = (
			);
			dependencies = (
				EFD7093521E0BA5B00B72272 /* PBXTargetDependency */,
			);
			name = todo0402UITests;
			productName = todo0402UITests;
			productReference = EFD7093321E0BA5B00B72272 /* todo0402UITests.xctest */;
			productType = "com.apple.product-type.bundle.ui-testing";
		};
/* End PBXNativeTarget section */

/* Begin PBXProject section */
		EFD7090521E0BA5B00B72272 /* Project object */ = {
			isa = PBXProject;
			attributes = {
				LastUpgradeCheck = 1010;
				ORGANIZATIONNAME = "Ярослав Мирошниченко";
				TargetAttributes = {
					EFD7090C21E0BA5B00B72272 = {
						CreatedOnToolsVersion = 10.1;
					};
					EFD7092721E0BA5B00B72272 = {
						CreatedOnToolsVersion = 10.1;
						TestTargetID = EFD7090C21E0BA5B00B72272;
					};
					EFD7093221E0BA5B00B72272 = {
						CreatedOnToolsVersion = 10.1;
						TestTargetID = EFD7090C21E0BA5B00B72272;
					};
				};
			};
			buildConfigurationList = EFD7090821E0BA5B00B72272 /* Build configuration list for PBXProject "todo0402" */;
			compatibilityVersion = "Xcode 9.3";
			developmentRegion = en;
			hasScannedForEncodings = 0;
			knownRegions = (
				en,
				Base,
			);
			mainGroup = EFD7090421E0BA5B00B72272;
			productRefGroup = EFD7090E21E0BA5B00B72272 /* Products */;
			projectDirPath = "";
			projectRoot = "";
			targets = (
				EFD7090C21E0BA5B00B72272 /* todo0402 */,
				EFD7092721E0BA5B00B72272 /* todo0402Tests */,
				EFD7093221E0BA5B00B72272 /* todo0402UITests */,
			);
		};
/* End PBXProject section */

/* Begin PBXResourcesBuildPhase section */
		EFD7090B21E0BA5B00B72272 /* Resources */ = {
			isa = PBXResourcesBuildPhase;
			buildActionMask = 2147483647;
			files = (
				EFD7092021E0BA5B00B72272 /* LaunchScreen.storyboard in Resources */,
				EF0CAF2321ECAE0300D1EF55 /* menu_task_personal.png in Resources */,
				EF0CAF2021ECAE0300D1EF55 /* icon_expanded_filter.png in Resources */,
				EF0CAF1D21ECAE0300D1EF55 /* menu_task_done.png in Resources */,
				EF0CAF1B21ECAE0300D1EF55 /* menu_task_current.png in Resources */,
				EF0CAF2121ECAE0300D1EF55 /* checkbox_select.png in Resources */,
				EF0CAF1A21ECAE0300D1EF55 /* menu_task_urgently.png in Resources */,
				EF0CAF1C21ECAE0300D1EF55 /* menu_task_add.png in Resources */,
				EF0CAF2621ECAE0300D1EF55 /* right_arrow.png in Resources */,
				EF0CAF1E21ECAE0300D1EF55 /* icon_type_urgently.png in Resources */,
				EF0CAF2421ECAE0300D1EF55 /* icon_select_filter.png in Resources */,
				EF0CAF1F21ECAE0300D1EF55 /* icon_type_personal.png in Resources */,
				EF0CAF2221ECAE0300D1EF55 /* icon_no_expanded_filter.png in Resources */,
				EFD7091D21E0BA5B00B72272 /* Assets.xcassets in Resources */,
				EFD7091821E0BA5B00B72272 /* Main.storyboard in Resources */,
				EF0CAF2521ECAE0300D1EF55 /* menu_task_important.png in Resources */,
				EFD7096221E0C02300B72272 /* checkbox_no_select.png in Resources */,
			);
			runOnlyForDeploymentPostprocessing = 0;
		};
		EFD7092621E0BA5B00B72272 /* Resources */ = {
			isa = PBXResourcesBuildPhase;
			buildActionMask = 2147483647;
			files = (
			);
			runOnlyForDeploymentPostprocessing = 0;
		};
		EFD7093121E0BA5B00B72272 /* Resources */ = {
			isa = PBXResourcesBuildPhase;
			buildActionMask = 2147483647;
			files = (
			);
			runOnlyForDeploymentPostprocessing = 0;
		};
/* End PBXResourcesBuildPhase section */

/* Begin PBXSourcesBuildPhase section */
		EFD7090921E0BA5B00B72272 /* Sources */ = {
			isa = PBXSourcesBuildPhase;
			buildActionMask = 2147483647;
			files = (
				EFD709DE21E25EA700B72272 /* MYCreateTaskTableViewController.m in Sources */,
				EF49217C21EA671200DE7424 /* MYListOfCategories.m in Sources */,
				EFD7091521E0BA5B00B72272 /* MainViewController.m in Sources */,
				EFD7098C21E141F900B72272 /* MYCreateTaskViewController.m in Sources */,
				EFD7098A21E141F900B72272 /* MYImportantTasksViewController.m in Sources */,
				EFD7099021E1424C00B72272 /* MYUrgentTasksViewController.m in Sources */,
				EFD7091B21E0BA5B00B72272 /* todo0402.xcdatamodeld in Sources */,
				EF3AFC2821E8C1F500362694 /* MYCurrentTasksViewController.m in Sources */,
				EFD7094721E0BE2000B72272 /* MYCustomMenu.m in Sources */,
				EF1959E121E8724D004FD9B0 /* Date.m in Sources */,
				EF0CAF0921EA739700D1EF55 /* MYCustomTask.m in Sources */,
				EFD709E421E29F4600B72272 /* MYCreateTaskDateViewController.m in Sources */,
				EFD7092321E0BA5B00B72272 /* main.m in Sources */,
				EFD7091221E0BA5B00B72272 /* AppDelegate.m in Sources */,
				EFD7098921E141F900B72272 /* MYDoneTasksViewController.m in Sources */,
				EF3AFC3021EA278400362694 /* MYListOfCategoriesTableViewController.m in Sources */,
				EFD709E121E29F1100B72272 /* MYCreateTaskTimeViewController.m in Sources */,
				EFD7098B21E141F900B72272 /* MYPersonalTasksViewController.m in Sources */,
				EF0CAF0C21EA751C00D1EF55 /* MainSupport.m in Sources */,
				EF3AFC2C21E8C3A100362694 /* RequestsTasks.m in Sources */,
			);
			runOnlyForDeploymentPostprocessing = 0;
		};
		EFD7092421E0BA5B00B72272 /* Sources */ = {
			isa = PBXSourcesBuildPhase;
			buildActionMask = 2147483647;
			files = (
				EFD7092D21E0BA5B00B72272 /* todo0402Tests.m in Sources */,
			);
			runOnlyForDeploymentPostprocessing = 0;
		};
		EFD7092F21E0BA5B00B72272 /* Sources */ = {
			isa = PBXSourcesBuildPhase;
			buildActionMask = 2147483647;
			files = (
				EFD7093821E0BA5B00B72272 /* todo0402UITests.m in Sources */,
			);
			runOnlyForDeploymentPostprocessing = 0;
		};
/* End PBXSourcesBuildPhase section */

/* Begin PBXTargetDependency section */
		EFD7092A21E0BA5B00B72272 /* PBXTargetDependency */ = {
			isa = PBXTargetDependency;
			target = EFD7090C21E0BA5B00B72272 /* todo0402 */;
			targetProxy = EFD7092921E0BA5B00B72272 /* PBXContainerItemProxy */;
		};
		EFD7093521E0BA5B00B72272 /* PBXTargetDependency */ = {
			isa = PBXTargetDependency;
			target = EFD7090C21E0BA5B00B72272 /* todo0402 */;
			targetProxy = EFD7093421E0BA5B00B72272 /* PBXContainerItemProxy */;
		};
/* End PBXTargetDependency section */

/* Begin PBXVariantGroup section */
		EFD7091621E0BA5B00B72272 /* Main.storyboard */ = {
			isa = PBXVariantGroup;
			children = (
				EFD7091721E0BA5B00B72272 /* Base */,
			);
			name = Main.storyboard;
			sourceTree = "<group>";
		};
		EFD7091E21E0BA5B00B72272 /* LaunchScreen.storyboard */ = {
			isa = PBXVariantGroup;
			children = (
				EFD7091F21E0BA5B00B72272 /* Base */,
			);
			name = LaunchScreen.storyboard;
			sourceTree = "<group>";
		};
/* End PBXVariantGroup section */

/* Begin XCBuildConfiguration section */
		EFD7093A21E0BA5B00B72272 /* Debug */ = {
			isa = XCBuildConfiguration;
			buildSettings = {
				ALWAYS_SEARCH_USER_PATHS = NO;
				CLANG_ANALYZER_NONNULL = YES;
				CLANG_ANALYZER_NUMBER_OBJECT_CONVERSION = YES_AGGRESSIVE;
				CLANG_CXX_LANGUAGE_STANDARD = "gnu++14";
				CLANG_CXX_LIBRARY = "libc++";
				CLANG_ENABLE_MODULES = YES;
				CLANG_ENABLE_OBJC_ARC = YES;
				CLANG_ENABLE_OBJC_WEAK = YES;
				CLANG_WARN_BLOCK_CAPTURE_AUTORELEASING = YES;
				CLANG_WARN_BOOL_CONVERSION = YES;
				CLANG_WARN_COMMA = YES;
				CLANG_WARN_CONSTANT_CONVERSION = YES;
				CLANG_WARN_DEPRECATED_OBJC_IMPLEMENTATIONS = YES;
				CLANG_WARN_DIRECT_OBJC_ISA_USAGE = YES_ERROR;
				CLANG_WARN_DOCUMENTATION_COMMENTS = YES;
				CLANG_WARN_EMPTY_BODY = YES;
				CLANG_WARN_ENUM_CONVERSION = YES;
				CLANG_WARN_INFINITE_RECURSION = YES;
				CLANG_WARN_INT_CONVERSION = YES;
				CLANG_WARN_NON_LITERAL_NULL_CONVERSION = YES;
				CLANG_WARN_OBJC_IMPLICIT_RETAIN_SELF = YES;
				CLANG_WARN_OBJC_LITERAL_CONVERSION = YES;
				CLANG_WARN_OBJC_ROOT_CLASS = YES_ERROR;
				CLANG_WARN_RANGE_LOOP_ANALYSIS = YES;
				CLANG_WARN_STRICT_PROTOTYPES = YES;
				CLANG_WARN_SUSPICIOUS_MOVE = YES;
				CLANG_WARN_UNGUARDED_AVAILABILITY = YES_AGGRESSIVE;
				CLANG_WARN_UNREACHABLE_CODE = YES;
				CLANG_WARN__DUPLICATE_METHOD_MATCH = YES;
				CODE_SIGN_IDENTITY = "iPhone Developer";
				COPY_PHASE_STRIP = NO;
				DEBUG_INFORMATION_FORMAT = dwarf;
				ENABLE_STRICT_OBJC_MSGSEND = YES;
				ENABLE_TESTABILITY = YES;
				GCC_C_LANGUAGE_STANDARD = gnu11;
				GCC_DYNAMIC_NO_PIC = NO;
				GCC_NO_COMMON_BLOCKS = YES;
				GCC_OPTIMIZATION_LEVEL = 0;
				GCC_PREPROCESSOR_DEFINITIONS = (
					"DEBUG=1",
					"$(inherited)",
				);
				GCC_WARN_64_TO_32_BIT_CONVERSION = YES;
				GCC_WARN_ABOUT_RETURN_TYPE = YES_ERROR;
				GCC_WARN_UNDECLARED_SELECTOR = YES;
				GCC_WARN_UNINITIALIZED_AUTOS = YES_AGGRESSIVE;
				GCC_WARN_UNUSED_FUNCTION = YES;
				GCC_WARN_UNUSED_VARIABLE = YES;
				IPHONEOS_DEPLOYMENT_TARGET = 12.1;
				MTL_ENABLE_DEBUG_INFO = INCLUDE_SOURCE;
				MTL_FAST_MATH = YES;
				ONLY_ACTIVE_ARCH = YES;
				SDKROOT = iphoneos;
			};
			name = Debug;
		};
		EFD7093B21E0BA5B00B72272 /* Release */ = {
			isa = XCBuildConfiguration;
			buildSettings = {
				ALWAYS_SEARCH_USER_PATHS = NO;
				CLANG_ANALYZER_NONNULL = YES;
				CLANG_ANALYZER_NUMBER_OBJECT_CONVERSION = YES_AGGRESSIVE;
				CLANG_CXX_LANGUAGE_STANDARD = "gnu++14";
				CLANG_CXX_LIBRARY = "libc++";
				CLANG_ENABLE_MODULES = YES;
				CLANG_ENABLE_OBJC_ARC = YES;
				CLANG_ENABLE_OBJC_WEAK = YES;
				CLANG_WARN_BLOCK_CAPTURE_AUTORELEASING = YES;
				CLANG_WARN_BOOL_CONVERSION = YES;
				CLANG_WARN_COMMA = YES;
				CLANG_WARN_CONSTANT_CONVERSION = YES;
				CLANG_WARN_DEPRECATED_OBJC_IMPLEMENTATIONS = YES;
				CLANG_WARN_DIRECT_OBJC_ISA_USAGE = YES_ERROR;
				CLANG_WARN_DOCUMENTATION_COMMENTS = YES;
				CLANG_WARN_EMPTY_BODY = YES;
				CLANG_WARN_ENUM_CONVERSION = YES;
				CLANG_WARN_INFINITE_RECURSION = YES;
				CLANG_WARN_INT_CONVERSION = YES;
				CLANG_WARN_NON_LITERAL_NULL_CONVERSION = YES;
				CLANG_WARN_OBJC_IMPLICIT_RETAIN_SELF = YES;
				CLANG_WARN_OBJC_LITERAL_CONVERSION = YES;
				CLANG_WARN_OBJC_ROOT_CLASS = YES_ERROR;
				CLANG_WARN_RANGE_LOOP_ANALYSIS = YES;
				CLANG_WARN_STRICT_PROTOTYPES = YES;
				CLANG_WARN_SUSPICIOUS_MOVE = YES;
				CLANG_WARN_UNGUARDED_AVAILABILITY = YES_AGGRESSIVE;
				CLANG_WARN_UNREACHABLE_CODE = YES;
				CLANG_WARN__DUPLICATE_METHOD_MATCH = YES;
				CODE_SIGN_IDENTITY = "iPhone Developer";
				COPY_PHASE_STRIP = NO;
				DEBUG_INFORMATION_FORMAT = "dwarf-with-dsym";
				ENABLE_NS_ASSERTIONS = NO;
				ENABLE_STRICT_OBJC_MSGSEND = YES;
				GCC_C_LANGUAGE_STANDARD = gnu11;
				GCC_NO_COMMON_BLOCKS = YES;
				GCC_WARN_64_TO_32_BIT_CONVERSION = YES;
				GCC_WARN_ABOUT_RETURN_TYPE = YES_ERROR;
				GCC_WARN_UNDECLARED_SELECTOR = YES;
				GCC_WARN_UNINITIALIZED_AUTOS = YES_AGGRESSIVE;
				GCC_WARN_UNUSED_FUNCTION = YES;
				GCC_WARN_UNUSED_VARIABLE = YES;
				IPHONEOS_DEPLOYMENT_TARGET = 12.1;
				MTL_ENABLE_DEBUG_INFO = NO;
				MTL_FAST_MATH = YES;
				SDKROOT = iphoneos;
				VALIDATE_PRODUCT = YES;
			};
			name = Release;
		};
		EFD7093D21E0BA5B00B72272 /* Debug */ = {
			isa = XCBuildConfiguration;
			buildSettings = {
				ASSETCATALOG_COMPILER_APPICON_NAME = AppIcon;
				CODE_SIGN_STYLE = Automatic;
				INFOPLIST_FILE = todo0402/Info.plist;
				LD_RUNPATH_SEARCH_PATHS = (
					"$(inherited)",
					"@executable_path/Frameworks",
				);
				PRODUCT_BUNDLE_IDENTIFIER = com.test.todo0402;
				PRODUCT_NAME = "$(TARGET_NAME)";
				TARGETED_DEVICE_FAMILY = "1,2";
			};
			name = Debug;
		};
		EFD7093E21E0BA5B00B72272 /* Release */ = {
			isa = XCBuildConfiguration;
			buildSettings = {
				ASSETCATALOG_COMPILER_APPICON_NAME = AppIcon;
				CODE_SIGN_STYLE = Automatic;
				INFOPLIST_FILE = todo0402/Info.plist;
				LD_RUNPATH_SEARCH_PATHS = (
					"$(inherited)",
					"@executable_path/Frameworks",
				);
				PRODUCT_BUNDLE_IDENTIFIER = com.test.todo0402;
				PRODUCT_NAME = "$(TARGET_NAME)";
				TARGETED_DEVICE_FAMILY = "1,2";
			};
			name = Release;
		};
		EFD7094021E0BA5B00B72272 /* Debug */ = {
			isa = XCBuildConfiguration;
			buildSettings = {
				BUNDLE_LOADER = "$(TEST_HOST)";
				CODE_SIGN_STYLE = Automatic;
				INFOPLIST_FILE = todo0402Tests/Info.plist;
				LD_RUNPATH_SEARCH_PATHS = (
					"$(inherited)",
					"@executable_path/Frameworks",
					"@loader_path/Frameworks",
				);
				PRODUCT_BUNDLE_IDENTIFIER = com.test.todo0402Tests;
				PRODUCT_NAME = "$(TARGET_NAME)";
				TARGETED_DEVICE_FAMILY = "1,2";
				TEST_HOST = "$(BUILT_PRODUCTS_DIR)/todo0402.app/todo0402";
			};
			name = Debug;
		};
		EFD7094121E0BA5B00B72272 /* Release */ = {
			isa = XCBuildConfiguration;
			buildSettings = {
				BUNDLE_LOADER = "$(TEST_HOST)";
				CODE_SIGN_STYLE = Automatic;
				INFOPLIST_FILE = todo0402Tests/Info.plist;
				LD_RUNPATH_SEARCH_PATHS = (
					"$(inherited)",
					"@executable_path/Frameworks",
					"@loader_path/Frameworks",
				);
				PRODUCT_BUNDLE_IDENTIFIER = com.test.todo0402Tests;
				PRODUCT_NAME = "$(TARGET_NAME)";
				TARGETED_DEVICE_FAMILY = "1,2";
				TEST_HOST = "$(BUILT_PRODUCTS_DIR)/todo0402.app/todo0402";
			};
			name = Release;
		};
		EFD7094321E0BA5B00B72272 /* Debug */ = {
			isa = XCBuildConfiguration;
			buildSettings = {
				CODE_SIGN_STYLE = Automatic;
				INFOPLIST_FILE = todo0402UITests/Info.plist;
				LD_RUNPATH_SEARCH_PATHS = (
					"$(inherited)",
					"@executable_path/Frameworks",
					"@loader_path/Frameworks",
				);
				PRODUCT_BUNDLE_IDENTIFIER = com.test.todo0402UITests;
				PRODUCT_NAME = "$(TARGET_NAME)";
				TARGETED_DEVICE_FAMILY = "1,2";
				TEST_TARGET_NAME = todo0402;
			};
			name = Debug;
		};
		EFD7094421E0BA5B00B72272 /* Release */ = {
			isa = XCBuildConfiguration;
			buildSettings = {
				CODE_SIGN_STYLE = Automatic;
				INFOPLIST_FILE = todo0402UITests/Info.plist;
				LD_RUNPATH_SEARCH_PATHS = (
					"$(inherited)",
					"@executable_path/Frameworks",
					"@loader_path/Frameworks",
				);
				PRODUCT_BUNDLE_IDENTIFIER = com.test.todo0402UITests;
				PRODUCT_NAME = "$(TARGET_NAME)";
				TARGETED_DEVICE_FAMILY = "1,2";
				TEST_TARGET_NAME = todo0402;
			};
			name = Release;
		};
/* End XCBuildConfiguration section */

/* Begin XCConfigurationList section */
		EFD7090821E0BA5B00B72272 /* Build configuration list for PBXProject "todo0402" */ = {
			isa = XCConfigurationList;
			buildConfigurations = (
				EFD7093A21E0BA5B00B72272 /* Debug */,
				EFD7093B21E0BA5B00B72272 /* Release */,
			);
			defaultConfigurationIsVisible = 0;
			defaultConfigurationName = Release;
		};
		EFD7093C21E0BA5B00B72272 /* Build configuration list for PBXNativeTarget "todo0402" */ = {
			isa = XCConfigurationList;
			buildConfigurations = (
				EFD7093D21E0BA5B00B72272 /* Debug */,
				EFD7093E21E0BA5B00B72272 /* Release */,
			);
			defaultConfigurationIsVisible = 0;
			defaultConfigurationName = Release;
		};
		EFD7093F21E0BA5B00B72272 /* Build configuration list for PBXNativeTarget "todo0402Tests" */ = {
			isa = XCConfigurationList;
			buildConfigurations = (
				EFD7094021E0BA5B00B72272 /* Debug */,
				EFD7094121E0BA5B00B72272 /* Release */,
			);
			defaultConfigurationIsVisible = 0;
			defaultConfigurationName = Release;
		};
		EFD7094221E0BA5B00B72272 /* Build configuration list for PBXNativeTarget "todo0402UITests" */ = {
			isa = XCConfigurationList;
			buildConfigurations = (
				EFD7094321E0BA5B00B72272 /* Debug */,
				EFD7094421E0BA5B00B72272 /* Release */,
			);
			defaultConfigurationIsVisible = 0;
			defaultConfigurationName = Release;
		};
/* End XCConfigurationList section */

/* Begin XCVersionGroup section */
		EFD7091921E0BA5B00B72272 /* todo0402.xcdatamodeld */ = {
			isa = XCVersionGroup;
			children = (
				EF41810521E403D200F8011F /* todo 2.xcdatamodel */,
				EFD7091A21E0BA5B00B72272 /* todo0402.xcdatamodel */,
			);
			currentVersion = EFD7091A21E0BA5B00B72272 /* todo0402.xcdatamodel */;
			path = todo0402.xcdatamodeld;
			sourceTree = "<group>";
			versionGroupType = wrapper.xcdatamodel;
		};
/* End XCVersionGroup section */
	};
	rootObject = EFD7090521E0BA5B00B72272 /* Project object */;
}
